
Microsoft Visual Studio Solution File, Format Version 12.00
# Visual Studio Version 17
VisualStudioVersion = 17.4.33213.308
MinimumVisualStudioVersion = 10.0.40219.1
Project("{FAE04EC0-301F-11D3-BF4B-00C04F79EFBC}") = "Rainhas_Game", "Rainhas_Game\Rainhas_Game.csproj", "{DBFEC67A-E3A3-4E1E-9E78-2307672568BC}"
EndProject
Global
	GlobalSection(SolutionConfigurationPlatforms) = preSolution
		Debug|Any CPU = Debug|Any CPU
		Release|Any CPU = Release|Any CPU
	EndGlobalSection
	GlobalSection(ProjectConfigurationPlatforms) = postSolution
		{DBFEC67A-E3A3-4E1E-9E78-2307672568BC}.Debug|Any CPU.ActiveCfg = Debug|Any CPU
		{DBFEC67A-E3A3-4E1E-9E78-2307672568BC}.Debug|Any CPU.Build.0 = Debug|Any CPU
		{DBFEC67A-E3A3-4E1E-9E78-2307672568BC}.Release|Any CPU.ActiveCfg = Release|Any CPU
		{DBFEC67A-E3A3-4E1E-9E78-2307672568BC}.Release|Any CPU.Build.0 = Release|Any CPU
	EndGlobalSection
	GlobalSection(SolutionProperties) = preSolution
		HideSolutionNode = FALSE
	EndGlobalSection
	GlobalSection(ExtensibilityGlobals) = postSolution
		SolutionGuid = {C9B12D44-A017-4A8A-9E44-C453B0F916A0}
	EndGlobalSection
EndGlobal
