
Microsoft Visual Studio Solution File, Format Version 12.00
# Visual Studio Version 16
VisualStudioVersion = 16.0.809.1
MinimumVisualStudioVersion = 10.0.40219.1
Project("{FAE04EC0-301F-11D3-BF4B-00C04F79EFBC}") = "PreparandoParaIA_jogos", "PreparandoParaIA_jogos\PreparandoParaIA_jogos.csproj", "{013A6FC5-E5F1-451C-91A2-CC357E7ED564}"
EndProject
Global
	GlobalSection(SolutionConfigurationPlatforms) = preSolution
		Debug|Any CPU = Debug|Any CPU
		Release|Any CPU = Release|Any CPU
	EndGlobalSection
	GlobalSection(ProjectConfigurationPlatforms) = postSolution
		{013A6FC5-E5F1-451C-91A2-CC357E7ED564}.Debug|Any CPU.ActiveCfg = Debug|Any CPU
		{013A6FC5-E5F1-451C-91A2-CC357E7ED564}.Debug|Any CPU.Build.0 = Debug|Any CPU
		{013A6FC5-E5F1-451C-91A2-CC357E7ED564}.Release|Any CPU.ActiveCfg = Release|Any CPU
		{013A6FC5-E5F1-451C-91A2-CC357E7ED564}.Release|Any CPU.Build.0 = Release|Any CPU
	EndGlobalSection
	GlobalSection(SolutionProperties) = preSolution
		HideSolutionNode = FALSE
	EndGlobalSection
	GlobalSection(ExtensibilityGlobals) = postSolution
		SolutionGuid = {B1C9A83B-423F-43EA-BF54-11B8F3BCCDD6}
	EndGlobalSection
EndGlobal
